
Microsoft Visual Studio Solution File, Format Version 12.00
# Visual Studio Version 17
VisualStudioVersion = 17.9.34728.123
MinimumVisualStudioVersion = 10.0.40219.1
Project("{FAE04EC0-301F-11D3-BF4B-00C04F79EFBC}") = "Hashing", "Hashing\Hashing.csproj", "{5E444F71-6EDE-418A-940A-47FD7670CCFB}"
EndProject
Global
	GlobalSection(SolutionConfigurationPlatforms) = preSolution
		Debug|Any CPU = Debug|Any CPU
		Release|Any CPU = Release|Any CPU
	EndGlobalSection
	GlobalSection(ProjectConfigurationPlatforms) = postSolution
		{5E444F71-6EDE-418A-940A-47FD7670CCFB}.Debug|Any CPU.ActiveCfg = Debug|Any CPU
		{5E444F71-6EDE-418A-940A-47FD7670CCFB}.Debug|Any CPU.Build.0 = Debug|Any CPU
		{5E444F71-6EDE-418A-940A-47FD7670CCFB}.Release|Any CPU.ActiveCfg = Release|Any CPU
		{5E444F71-6EDE-418A-940A-47FD7670CCFB}.Release|Any CPU.Build.0 = Release|Any CPU
	EndGlobalSection
	GlobalSection(SolutionProperties) = preSolution
		HideSolutionNode = FALSE
	EndGlobalSection
	GlobalSection(ExtensibilityGlobals) = postSolution
		SolutionGuid = {A9E9BCF8-B78F-48BF-8A31-3BD311CFE3F3}
	EndGlobalSection
EndGlobal
